// !$*UTF8*$!
{
	archiveVersion = 1;
	classes = {
	};
	objectVersion = 50;
	objects = {

/* Begin PBXBuildFile section */
		7F3BAAD12477F2EC002BB4A2 /* correct@2x.png in Resources */ = {isa = PBXBuildFile; fileRef = 7F3BAAD02477F2EC002BB4A2 /* correct@2x.png */; };
		7F3BAAD32477F2F1002BB4A2 /* incorrect@2x.png in Resources */ = {isa = PBXBuildFile; fileRef = 7F3BAAD22477F2F1002BB4A2 /* incorrect@2x.png */; };
		7F3BAAD72477FAB9002BB4A2 /* １年顕微鏡.csv in Resources */ = {isa = PBXBuildFile; fileRef = 7F3BAAD62477FAB9002BB4A2 /* １年顕微鏡.csv */; };
		7F5A06EE247BE7370056A564 /* １年生物花の構造.csv in Resources */ = {isa = PBXBuildFile; fileRef = 7F5A06ED247BE7370056A564 /* １年生物花の構造.csv */; };
		7F5AF5F3247A93B300A06879 /* １年生物顕微鏡.csv in Resources */ = {isa = PBXBuildFile; fileRef = 7F5AF5F2247A93B300A06879 /* １年生物顕微鏡.csv */; };
		7F5DFA07247FE85E00F1A028 /* １年生物植物分類.csv in Resources */ = {isa = PBXBuildFile; fileRef = 7F5DFA06247FE85E00F1A028 /* １年生物植物分類.csv */; };
		7F5EAD3724833E9F00F2565A /* １年生物植物分類.png in Resources */ = {isa = PBXBuildFile; fileRef = 7F5EAD3624833E9F00F2565A /* １年生物植物分類.png */; };
		7FB6450F247C94D400957EB0 /* １年生物花の構造.png in Resources */ = {isa = PBXBuildFile; fileRef = 7FB6450E247C94D400957EB0 /* １年生物花の構造.png */; };
		7FB64511247C9D1A00957EB0 /* １年生物顕微鏡.png in Resources */ = {isa = PBXBuildFile; fileRef = 7FB64510247C9D1A00957EB0 /* １年生物顕微鏡.png */; };
		7FE84D432476630E00B2C798 /* AppDelegate.swift in Sources */ = {isa = PBXBuildFile; fileRef = 7FE84D422476630E00B2C798 /* AppDelegate.swift */; };
		7FE84D452476630E00B2C798 /* SceneDelegate.swift in Sources */ = {isa = PBXBuildFile; fileRef = 7FE84D442476630E00B2C798 /* SceneDelegate.swift */; };
		7FE84D4A2476630E00B2C798 /* Main.storyboard in Resources */ = {isa = PBXBuildFile; fileRef = 7FE84D482476630E00B2C798 /* Main.storyboard */; };
		7FE84D4C2476630F00B2C798 /* Assets.xcassets in Resources */ = {isa = PBXBuildFile; fileRef = 7FE84D4B2476630F00B2C798 /* Assets.xcassets */; };
		7FE84D4F2476630F00B2C798 /* LaunchScreen.storyboard in Resources */ = {isa = PBXBuildFile; fileRef = 7FE84D4D2476630F00B2C798 /* LaunchScreen.storyboard */; };
		7FE84D572476639300B2C798 /* StartViewControll.swift in Sources */ = {isa = PBXBuildFile; fileRef = 7FE84D562476639300B2C798 /* StartViewControll.swift */; };
		7FE84D592476658000B2C798 /* QuestionDataManager.swift in Sources */ = {isa = PBXBuildFile; fileRef = 7FE84D582476658000B2C798 /* QuestionDataManager.swift */; };
		7FE84D5B247665BF00B2C798 /* QuestionViewController.swift in Sources */ = {isa = PBXBuildFile; fileRef = 7FE84D5A247665BF00B2C798 /* QuestionViewController.swift */; };
		7FE84D5D247665F200B2C798 /* ResultViewController.swift in Sources */ = {isa = PBXBuildFile; fileRef = 7FE84D5C247665F200B2C798 /* ResultViewController.swift */; };
		7FE84D5F2476662A00B2C798 /* Singleton.swift in Sources */ = {isa = PBXBuildFile; fileRef = 7FE84D5E2476662A00B2C798 /* Singleton.swift */; };
		7FEB0EC52477C10D0084DA59 /* １年地学.csv in Resources */ = {isa = PBXBuildFile; fileRef = 7FEB0EBF2477C10C0084DA59 /* １年地学.csv */; };
		7FEB0EC62477C10D0084DA59 /* １年生物.csv in Resources */ = {isa = PBXBuildFile; fileRef = 7FEB0EC02477C10C0084DA59 /* １年生物.csv */; };
		7FEB0EC92477C10D0084DA59 /* １年動物.csv in Resources */ = {isa = PBXBuildFile; fileRef = 7FEB0EC32477C10D0084DA59 /* １年動物.csv */; };
		7FEB0ECC2477C1940084DA59 /* １年物理.csv in Resources */ = {isa = PBXBuildFile; fileRef = 7FEB0ECB2477C1940084DA59 /* １年物理.csv */; };
		7FEB0ED42477C2030084DA59 /* １年化学.csv in Resources */ = {isa = PBXBuildFile; fileRef = 7FEB0ED32477C2030084DA59 /* １年化学.csv */; };
/* End PBXBuildFile section */

/* Begin PBXFileReference section */
		7F3BAAD02477F2EC002BB4A2 /* correct@2x.png */ = {isa = PBXFileReference; lastKnownFileType = image.png; path = "correct@2x.png"; sourceTree = "<group>"; };
		7F3BAAD22477F2F1002BB4A2 /* incorrect@2x.png */ = {isa = PBXFileReference; lastKnownFileType = image.png; path = "incorrect@2x.png"; sourceTree = "<group>"; };
		7F3BAAD62477FAB9002BB4A2 /* １年顕微鏡.csv */ = {isa = PBXFileReference; fileEncoding = 4; lastKnownFileType = text; path = "１年顕微鏡.csv"; sourceTree = "<group>"; };
		7F5A06ED247BE7370056A564 /* １年生物花の構造.csv */ = {isa = PBXFileReference; fileEncoding = 4; lastKnownFileType = text; path = "１年生物花の構造.csv"; sourceTree = "<group>"; };
		7F5AF5F2247A93B300A06879 /* １年生物顕微鏡.csv */ = {isa = PBXFileReference; fileEncoding = 4; lastKnownFileType = text; path = "１年生物顕微鏡.csv"; sourceTree = "<group>"; };
		7F5DFA06247FE85E00F1A028 /* １年生物植物分類.csv */ = {isa = PBXFileReference; fileEncoding = 4; lastKnownFileType = text; path = "１年生物植物分類.csv"; sourceTree = "<group>"; };
		7F5EAD3624833E9F00F2565A /* １年生物植物分類.png */ = {isa = PBXFileReference; lastKnownFileType = image.png; path = "１年生物植物分類.png"; sourceTree = "<group>"; };
		7FB6450E247C94D400957EB0 /* １年生物花の構造.png */ = {isa = PBXFileReference; lastKnownFileType = image.png; path = "１年生物花の構造.png"; sourceTree = "<group>"; };
		7FB64510247C9D1A00957EB0 /* １年生物顕微鏡.png */ = {isa = PBXFileReference; lastKnownFileType = image.png; path = "１年生物顕微鏡.png"; sourceTree = "<group>"; };
		7FE84D3F2476630E00B2C798 /* BasicWord3rd.app */ = {isa = PBXFileReference; explicitFileType = wrapper.application; includeInIndex = 0; path = BasicWord3rd.app; sourceTree = BUILT_PRODUCTS_DIR; };
		7FE84D422476630E00B2C798 /* AppDelegate.swift */ = {isa = PBXFileReference; lastKnownFileType = sourcecode.swift; path = AppDelegate.swift; sourceTree = "<group>"; };
		7FE84D442476630E00B2C798 /* SceneDelegate.swift */ = {isa = PBXFileReference; lastKnownFileType = sourcecode.swift; path = SceneDelegate.swift; sourceTree = "<group>"; };
		7FE84D492476630E00B2C798 /* Base */ = {isa = PBXFileReference; lastKnownFileType = file.storyboard; name = Base; path = Base.lproj/Main.storyboard; sourceTree = "<group>"; };
		7FE84D4B2476630F00B2C798 /* Assets.xcassets */ = {isa = PBXFileReference; lastKnownFileType = folder.assetcatalog; path = Assets.xcassets; sourceTree = "<group>"; };
		7FE84D4E2476630F00B2C798 /* Base */ = {isa = PBXFileReference; lastKnownFileType = file.storyboard; name = Base; path = Base.lproj/LaunchScreen.storyboard; sourceTree = "<group>"; };
		7FE84D502476630F00B2C798 /* Info.plist */ = {isa = PBXFileReference; lastKnownFileType = text.plist.xml; path = Info.plist; sourceTree = "<group>"; };
		7FE84D562476639300B2C798 /* StartViewControll.swift */ = {isa = PBXFileReference; lastKnownFileType = sourcecode.swift; path = StartViewControll.swift; sourceTree = "<group>"; };
		7FE84D582476658000B2C798 /* QuestionDataManager.swift */ = {isa = PBXFileReference; lastKnownFileType = sourcecode.swift; path = QuestionDataManager.swift; sourceTree = "<group>"; };
		7FE84D5A247665BF00B2C798 /* QuestionViewController.swift */ = {isa = PBXFileReference; lastKnownFileType = sourcecode.swift; path = QuestionViewController.swift; sourceTree = "<group>"; };
		7FE84D5C247665F200B2C798 /* ResultViewController.swift */ = {isa = PBXFileReference; lastKnownFileType = sourcecode.swift; path = ResultViewController.swift; sourceTree = "<group>"; };
		7FE84D5E2476662A00B2C798 /* Singleton.swift */ = {isa = PBXFileReference; lastKnownFileType = sourcecode.swift; path = Singleton.swift; sourceTree = "<group>"; };
		7FEB0EBF2477C10C0084DA59 /* １年地学.csv */ = {isa = PBXFileReference; fileEncoding = 4; lastKnownFileType = text; path = "１年地学.csv"; sourceTree = "<group>"; };
		7FEB0EC02477C10C0084DA59 /* １年生物.csv */ = {isa = PBXFileReference; fileEncoding = 4; lastKnownFileType = text; path = "１年生物.csv"; sourceTree = "<group>"; };
		7FEB0EC32477C10D0084DA59 /* １年動物.csv */ = {isa = PBXFileReference; fileEncoding = 4; lastKnownFileType = text; path = "１年動物.csv"; sourceTree = "<group>"; };
		7FEB0ECB2477C1940084DA59 /* １年物理.csv */ = {isa = PBXFileReference; fileEncoding = 4; lastKnownFileType = text; path = "１年物理.csv"; sourceTree = "<group>"; };
		7FEB0ED32477C2030084DA59 /* １年化学.csv */ = {isa = PBXFileReference; fileEncoding = 4; lastKnownFileType = text; path = "１年化学.csv"; sourceTree = "<group>"; };
/* End PBXFileReference section */

/* Begin PBXFrameworksBuildPhase section */
		7FE84D3C2476630E00B2C798 /* Frameworks */ = {
			isa = PBXFrameworksBuildPhase;
			buildActionMask = 2147483647;
			files = (
			);
			runOnlyForDeploymentPostprocessing = 0;
		};
/* End PBXFrameworksBuildPhase section */

/* Begin PBXGroup section */
		7FE84D362476630E00B2C798 = {
			isa = PBXGroup;
			children = (
				7FE84D412476630E00B2C798 /* BasicWord3rd */,
				7FE84D402476630E00B2C798 /* Products */,
			);
			sourceTree = "<group>";
		};
		7FE84D402476630E00B2C798 /* Products */ = {
			isa = PBXGroup;
			children = (
				7FE84D3F2476630E00B2C798 /* BasicWord3rd.app */,
			);
			name = Products;
			sourceTree = "<group>";
		};
		7FE84D412476630E00B2C798 /* BasicWord3rd */ = {
			isa = PBXGroup;
			children = (
				7FE84D422476630E00B2C798 /* AppDelegate.swift */,
				7FE84D442476630E00B2C798 /* SceneDelegate.swift */,
				7FE84D482476630E00B2C798 /* Main.storyboard */,
				7FE84D562476639300B2C798 /* StartViewControll.swift */,
				7FE84D582476658000B2C798 /* QuestionDataManager.swift */,
				7FE84D5A247665BF00B2C798 /* QuestionViewController.swift */,
				7FE84D5C247665F200B2C798 /* ResultViewController.swift */,
				7FE84D5E2476662A00B2C798 /* Singleton.swift */,
				7FE84D4B2476630F00B2C798 /* Assets.xcassets */,
				7F5EAD3624833E9F00F2565A /* １年生物植物分類.png */,
				7FB64510247C9D1A00957EB0 /* １年生物顕微鏡.png */,
				7FB6450E247C94D400957EB0 /* １年生物花の構造.png */,
				7F3BAAD02477F2EC002BB4A2 /* correct@2x.png */,
				7F3BAAD22477F2F1002BB4A2 /* incorrect@2x.png */,
				7F5DFA06247FE85E00F1A028 /* １年生物植物分類.csv */,
				7F5AF5F2247A93B300A06879 /* １年生物顕微鏡.csv */,
				7F5A06ED247BE7370056A564 /* １年生物花の構造.csv */,
				7F3BAAD62477FAB9002BB4A2 /* １年顕微鏡.csv */,
				7FEB0EC02477C10C0084DA59 /* １年生物.csv */,
				7FEB0ED32477C2030084DA59 /* １年化学.csv */,
				7FEB0EBF2477C10C0084DA59 /* １年地学.csv */,
				7FEB0EC32477C10D0084DA59 /* １年動物.csv */,
				7FEB0ECB2477C1940084DA59 /* １年物理.csv */,
				7FE84D4D2476630F00B2C798 /* LaunchScreen.storyboard */,
				7FE84D502476630F00B2C798 /* Info.plist */,
			);
			path = BasicWord3rd;
			sourceTree = "<group>";
		};
/* End PBXGroup section */

/* Begin PBXNativeTarget section */
		7FE84D3E2476630E00B2C798 /* BasicWord3rd */ = {
			isa = PBXNativeTarget;
			buildConfigurationList = 7FE84D532476630F00B2C798 /* Build configuration list for PBXNativeTarget "BasicWord3rd" */;
			buildPhases = (
				7FE84D3B2476630E00B2C798 /* Sources */,
				7FE84D3C2476630E00B2C798 /* Frameworks */,
				7FE84D3D2476630E00B2C798 /* Resources */,
			);
			buildRules = (
			);
			dependencies = (
			);
			name = BasicWord3rd;
			productName = BasicWord3rd;
			productReference = 7FE84D3F2476630E00B2C798 /* BasicWord3rd.app */;
			productType = "com.apple.product-type.application";
		};
/* End PBXNativeTarget section */

/* Begin PBXProject section */
		7FE84D372476630E00B2C798 /* Project object */ = {
			isa = PBXProject;
			attributes = {
				LastSwiftUpdateCheck = 1140;
				LastUpgradeCheck = 1140;
				ORGANIZATIONNAME = "森部高昌";
				TargetAttributes = {
					7FE84D3E2476630E00B2C798 = {
						CreatedOnToolsVersion = 11.4.1;
					};
				};
			};
			buildConfigurationList = 7FE84D3A2476630E00B2C798 /* Build configuration list for PBXProject "BasicWord3rd" */;
			compatibilityVersion = "Xcode 9.3";
			developmentRegion = en;
			hasScannedForEncodings = 0;
			knownRegions = (
				en,
				Base,
			);
			mainGroup = 7FE84D362476630E00B2C798;
			productRefGroup = 7FE84D402476630E00B2C798 /* Products */;
			projectDirPath = "";
			projectRoot = "";
			targets = (
				7FE84D3E2476630E00B2C798 /* BasicWord3rd */,
			);
		};
/* End PBXProject section */

/* Begin PBXResourcesBuildPhase section */
		7FE84D3D2476630E00B2C798 /* Resources */ = {
			isa = PBXResourcesBuildPhase;
			buildActionMask = 2147483647;
			files = (
				7F5EAD3724833E9F00F2565A /* １年生物植物分類.png in Resources */,
				7F5DFA07247FE85E00F1A028 /* １年生物植物分類.csv in Resources */,
				7F5AF5F3247A93B300A06879 /* １年生物顕微鏡.csv in Resources */,
				7FE84D4F2476630F00B2C798 /* LaunchScreen.storyboard in Resources */,
				7FE84D4C2476630F00B2C798 /* Assets.xcassets in Resources */,
				7FEB0EC52477C10D0084DA59 /* １年地学.csv in Resources */,
				7FE84D4A2476630E00B2C798 /* Main.storyboard in Resources */,
				7FEB0EC62477C10D0084DA59 /* １年生物.csv in Resources */,
				7FB6450F247C94D400957EB0 /* １年生物花の構造.png in Resources */,
				7F3BAAD32477F2F1002BB4A2 /* incorrect@2x.png in Resources */,
				7FEB0ECC2477C1940084DA59 /* １年物理.csv in Resources */,
				7F3BAAD72477FAB9002BB4A2 /* １年顕微鏡.csv in Resources */,
				7FEB0ED42477C2030084DA59 /* １年化学.csv in Resources */,
				7F5A06EE247BE7370056A564 /* １年生物花の構造.csv in Resources */,
				7FEB0EC92477C10D0084DA59 /* １年動物.csv in Resources */,
				7F3BAAD12477F2EC002BB4A2 /* correct@2x.png in Resources */,
				7FB64511247C9D1A00957EB0 /* １年生物顕微鏡.png in Resources */,
			);
			runOnlyForDeploymentPostprocessing = 0;
		};
/* End PBXResourcesBuildPhase section */

/* Begin PBXSourcesBuildPhase section */
		7FE84D3B2476630E00B2C798 /* Sources */ = {
			isa = PBXSourcesBuildPhase;
			buildActionMask = 2147483647;
			files = (
				7FE84D572476639300B2C798 /* StartViewControll.swift in Sources */,
				7FE84D5D247665F200B2C798 /* ResultViewController.swift in Sources */,
				7FE84D5B247665BF00B2C798 /* QuestionViewController.swift in Sources */,
				7FE84D432476630E00B2C798 /* AppDelegate.swift in Sources */,
				7FE84D5F2476662A00B2C798 /* Singleton.swift in Sources */,
				7FE84D592476658000B2C798 /* QuestionDataManager.swift in Sources */,
				7FE84D452476630E00B2C798 /* SceneDelegate.swift in Sources */,
			);
			runOnlyForDeploymentPostprocessing = 0;
		};
/* End PBXSourcesBuildPhase section */

/* Begin PBXVariantGroup section */
		7FE84D482476630E00B2C798 /* Main.storyboard */ = {
			isa = PBXVariantGroup;
			children = (
				7FE84D492476630E00B2C798 /* Base */,
			);
			name = Main.storyboard;
			sourceTree = "<group>";
		};
		7FE84D4D2476630F00B2C798 /* LaunchScreen.storyboard */ = {
			isa = PBXVariantGroup;
			children = (
				7FE84D4E2476630F00B2C798 /* Base */,
			);
			name = LaunchScreen.storyboard;
			sourceTree = "<group>";
		};
/* End PBXVariantGroup section */

/* Begin XCBuildConfiguration section */
		7FE84D512476630F00B2C798 /* Debug */ = {
			isa = XCBuildConfiguration;
			buildSettings = {
				ALWAYS_SEARCH_USER_PATHS = NO;
				CLANG_ANALYZER_NONNULL = YES;
				CLANG_ANALYZER_NUMBER_OBJECT_CONVERSION = YES_AGGRESSIVE;
				CLANG_CXX_LANGUAGE_STANDARD = "gnu++14";
				CLANG_CXX_LIBRARY = "libc++";
				CLANG_ENABLE_MODULES = YES;
				CLANG_ENABLE_OBJC_ARC = YES;
				CLANG_ENABLE_OBJC_WEAK = YES;
				CLANG_WARN_BLOCK_CAPTURE_AUTORELEASING = YES;
				CLANG_WARN_BOOL_CONVERSION = YES;
				CLANG_WARN_COMMA = YES;
				CLANG_WARN_CONSTANT_CONVERSION = YES;
				CLANG_WARN_DEPRECATED_OBJC_IMPLEMENTATIONS = YES;
				CLANG_WARN_DIRECT_OBJC_ISA_USAGE = YES_ERROR;
				CLANG_WARN_DOCUMENTATION_COMMENTS = YES;
				CLANG_WARN_EMPTY_BODY = YES;
				CLANG_WARN_ENUM_CONVERSION = YES;
				CLANG_WARN_INFINITE_RECURSION = YES;
				CLANG_WARN_INT_CONVERSION = YES;
				CLANG_WARN_NON_LITERAL_NULL_CONVERSION = YES;
				CLANG_WARN_OBJC_IMPLICIT_RETAIN_SELF = YES;
				CLANG_WARN_OBJC_LITERAL_CONVERSION = YES;
				CLANG_WARN_OBJC_ROOT_CLASS = YES_ERROR;
				CLANG_WARN_RANGE_LOOP_ANALYSIS = YES;
				CLANG_WARN_STRICT_PROTOTYPES = YES;
				CLANG_WARN_SUSPICIOUS_MOVE = YES;
				CLANG_WARN_UNGUARDED_AVAILABILITY = YES_AGGRESSIVE;
				CLANG_WARN_UNREACHABLE_CODE = YES;
				CLANG_WARN__DUPLICATE_METHOD_MATCH = YES;
				COPY_PHASE_STRIP = NO;
				DEBUG_INFORMATION_FORMAT = dwarf;
				ENABLE_STRICT_OBJC_MSGSEND = YES;
				ENABLE_TESTABILITY = YES;
				GCC_C_LANGUAGE_STANDARD = gnu11;
				GCC_DYNAMIC_NO_PIC = NO;
				GCC_NO_COMMON_BLOCKS = YES;
				GCC_OPTIMIZATION_LEVEL = 0;
				GCC_PREPROCESSOR_DEFINITIONS = (
					"DEBUG=1",
					"$(inherited)",
				);
				GCC_WARN_64_TO_32_BIT_CONVERSION = YES;
				GCC_WARN_ABOUT_RETURN_TYPE = YES_ERROR;
				GCC_WARN_UNDECLARED_SELECTOR = YES;
				GCC_WARN_UNINITIALIZED_AUTOS = YES_AGGRESSIVE;
				GCC_WARN_UNUSED_FUNCTION = YES;
				GCC_WARN_UNUSED_VARIABLE = YES;
				IPHONEOS_DEPLOYMENT_TARGET = 13.4;
				MTL_ENABLE_DEBUG_INFO = INCLUDE_SOURCE;
				MTL_FAST_MATH = YES;
				ONLY_ACTIVE_ARCH = YES;
				SDKROOT = iphoneos;
				SWIFT_ACTIVE_COMPILATION_CONDITIONS = DEBUG;
				SWIFT_OPTIMIZATION_LEVEL = "-Onone";
			};
			name = Debug;
		};
		7FE84D522476630F00B2C798 /* Release */ = {
			isa = XCBuildConfiguration;
			buildSettings = {
				ALWAYS_SEARCH_USER_PATHS = NO;
				CLANG_ANALYZER_NONNULL = YES;
				CLANG_ANALYZER_NUMBER_OBJECT_CONVERSION = YES_AGGRESSIVE;
				CLANG_CXX_LANGUAGE_STANDARD = "gnu++14";
				CLANG_CXX_LIBRARY = "libc++";
				CLANG_ENABLE_MODULES = YES;
				CLANG_ENABLE_OBJC_ARC = YES;
				CLANG_ENABLE_OBJC_WEAK = YES;
				CLANG_WARN_BLOCK_CAPTURE_AUTORELEASING = YES;
				CLANG_WARN_BOOL_CONVERSION = YES;
				CLANG_WARN_COMMA = YES;
				CLANG_WARN_CONSTANT_CONVERSION = YES;
				CLANG_WARN_DEPRECATED_OBJC_IMPLEMENTATIONS = YES;
				CLANG_WARN_DIRECT_OBJC_ISA_USAGE = YES_ERROR;
				CLANG_WARN_DOCUMENTATION_COMMENTS = YES;
				CLANG_WARN_EMPTY_BODY = YES;
				CLANG_WARN_ENUM_CONVERSION = YES;
				CLANG_WARN_INFINITE_RECURSION = YES;
				CLANG_WARN_INT_CONVERSION = YES;
				CLANG_WARN_NON_LITERAL_NULL_CONVERSION = YES;
				CLANG_WARN_OBJC_IMPLICIT_RETAIN_SELF = YES;
				CLANG_WARN_OBJC_LITERAL_CONVERSION = YES;
				CLANG_WARN_OBJC_ROOT_CLASS = YES_ERROR;
				CLANG_WARN_RANGE_LOOP_ANALYSIS = YES;
				CLANG_WARN_STRICT_PROTOTYPES = YES;
				CLANG_WARN_SUSPICIOUS_MOVE = YES;
				CLANG_WARN_UNGUARDED_AVAILABILITY = YES_AGGRESSIVE;
				CLANG_WARN_UNREACHABLE_CODE = YES;
				CLANG_WARN__DUPLICATE_METHOD_MATCH = YES;
				COPY_PHASE_STRIP = NO;
				DEBUG_INFORMATION_FORMAT = "dwarf-with-dsym";
				ENABLE_NS_ASSERTIONS = NO;
				ENABLE_STRICT_OBJC_MSGSEND = YES;
				GCC_C_LANGUAGE_STANDARD = gnu11;
				GCC_NO_COMMON_BLOCKS = YES;
				GCC_WARN_64_TO_32_BIT_CONVERSION = YES;
				GCC_WARN_ABOUT_RETURN_TYPE = YES_ERROR;
				GCC_WARN_UNDECLARED_SELECTOR = YES;
				GCC_WARN_UNINITIALIZED_AUTOS = YES_AGGRESSIVE;
				GCC_WARN_UNUSED_FUNCTION = YES;
				GCC_WARN_UNUSED_VARIABLE = YES;
				IPHONEOS_DEPLOYMENT_TARGET = 13.4;
				MTL_ENABLE_DEBUG_INFO = NO;
				MTL_FAST_MATH = YES;
				SDKROOT = iphoneos;
				SWIFT_COMPILATION_MODE = wholemodule;
				SWIFT_OPTIMIZATION_LEVEL = "-O";
				VALIDATE_PRODUCT = YES;
			};
			name = Release;
		};
		7FE84D542476630F00B2C798 /* Debug */ = {
			isa = XCBuildConfiguration;
			buildSettings = {
				ASSETCATALOG_COMPILER_APPICON_NAME = AppIcon;
				CODE_SIGN_STYLE = Automatic;
				DEVELOPMENT_TEAM = SWH2R7NJX7;
				INFOPLIST_FILE = BasicWord3rd/Info.plist;
				LD_RUNPATH_SEARCH_PATHS = (
					"$(inherited)",
					"@executable_path/Frameworks",
				);
				PRODUCT_BUNDLE_IDENTIFIER = "com.nifty-bxi00673.BasicWord3rd";
				PRODUCT_NAME = "$(TARGET_NAME)";
				SWIFT_VERSION = 5.0;
				TARGETED_DEVICE_FAMILY = "1,2";
			};
			name = Debug;
		};
		7FE84D552476630F00B2C798 /* Release */ = {
			isa = XCBuildConfiguration;
			buildSettings = {
				ASSETCATALOG_COMPILER_APPICON_NAME = AppIcon;
				CODE_SIGN_STYLE = Automatic;
				DEVELOPMENT_TEAM = SWH2R7NJX7;
				INFOPLIST_FILE = BasicWord3rd/Info.plist;
				LD_RUNPATH_SEARCH_PATHS = (
					"$(inherited)",
					"@executable_path/Frameworks",
				);
				PRODUCT_BUNDLE_IDENTIFIER = "com.nifty-bxi00673.BasicWord3rd";
				PRODUCT_NAME = "$(TARGET_NAME)";
				SWIFT_VERSION = 5.0;
				TARGETED_DEVICE_FAMILY = "1,2";
			};
			name = Release;
		};
/* End XCBuildConfiguration section */

/* Begin XCConfigurationList section */
		7FE84D3A2476630E00B2C798 /* Build configuration list for PBXProject "BasicWord3rd" */ = {
			isa = XCConfigurationList;
			buildConfigurations = (
				7FE84D512476630F00B2C798 /* Debug */,
				7FE84D522476630F00B2C798 /* Release */,
			);
			defaultConfigurationIsVisible = 0;
			defaultConfigurationName = Release;
		};
		7FE84D532476630F00B2C798 /* Build configuration list for PBXNativeTarget "BasicWord3rd" */ = {
			isa = XCConfigurationList;
			buildConfigurations = (
				7FE84D542476630F00B2C798 /* Debug */,
				7FE84D552476630F00B2C798 /* Release */,
			);
			defaultConfigurationIsVisible = 0;
			defaultConfigurationName = Release;
		};
/* End XCConfigurationList section */
	};
	rootObject = 7FE84D372476630E00B2C798 /* Project object */;
}
